
Microsoft Visual Studio Solution File, Format Version 12.00
# Visual Studio 15
VisualStudioVersion = 15.0.28307.168
MinimumVisualStudioVersion = 10.0.40219.1
Project("{FAE04EC0-301F-11D3-BF4B-00C04F79EFBC}") = "C0730192_1", "C0730192_1\C0730192_1.csproj", "{AB6CB743-A00E-4B29-BBDC-9DE043ED8087}"
EndProject
Global
	GlobalSection(SolutionConfigurationPlatforms) = preSolution
		Debug|Any CPU = Debug|Any CPU
		Release|Any CPU = Release|Any CPU
	EndGlobalSection
	GlobalSection(ProjectConfigurationPlatforms) = postSolution
		{AB6CB743-A00E-4B29-BBDC-9DE043ED8087}.Debug|Any CPU.ActiveCfg = Debug|Any CPU
		{AB6CB743-A00E-4B29-BBDC-9DE043ED8087}.Debug|Any CPU.Build.0 = Debug|Any CPU
		{AB6CB743-A00E-4B29-BBDC-9DE043ED8087}.Release|Any CPU.ActiveCfg = Release|Any CPU
		{AB6CB743-A00E-4B29-BBDC-9DE043ED8087}.Release|Any CPU.Build.0 = Release|Any CPU
	EndGlobalSection
	GlobalSection(SolutionProperties) = preSolution
		HideSolutionNode = FALSE
	EndGlobalSection
	GlobalSection(ExtensibilityGlobals) = postSolution
		SolutionGuid = {009AFC0E-DADE-4AB6-8DE8-22D608BBBA61}
	EndGlobalSection
EndGlobal
